
Microsoft Visual Studio Solution File, Format Version 12.00
# Visual Studio Version 16
VisualStudioVersion = 16.0.30804.86
MinimumVisualStudioVersion = 10.0.40219.1
Project("{9A19103F-16F7-4668-BE54-9A1E7A4F7556}") = "AA_Output", "Output\AA_Output.csproj", "{A3DB24AE-4B9A-475B-AC4C-3C874DE08E3F}"
EndProject
Project("{9A19103F-16F7-4668-BE54-9A1E7A4F7556}") = "xUnitTests", "xUnitTests\xUnitTests.csproj", "{B999EA99-C582-441E-817B-0AFFDEBE6EC2}"
EndProject
Project("{9A19103F-16F7-4668-BE54-9A1E7A4F7556}") = "Files_Streams", "Files_Streams\Files_Streams.csproj", "{86EB6EAD-5CE3-4E49-ADF1-891AB5641FFC}"
EndProject
Project("{9A19103F-16F7-4668-BE54-9A1E7A4F7556}") = "ADO.NET", "ADO.NET\ADO.NET.csproj", "{E6BEDC51-F382-460E-9D88-3CC1701504BB}"
EndProject
Project("{9A19103F-16F7-4668-BE54-9A1E7A4F7556}") = "Algorithms_DataStructures", "Algorithms_DataStructures\Algorithms_DataStructures.csproj", "{937E71AD-F9E2-497F-992F-98E19006A9FA}"
EndProject
Project("{9A19103F-16F7-4668-BE54-9A1E7A4F7556}") = "Random_Exercises", "Random_Exercises\Random_Exercises.csproj", "{43DC022F-44CA-4E22-BCD1-8E6BA0705587}"
EndProject
Project("{9A19103F-16F7-4668-BE54-9A1E7A4F7556}") = "Http_Client", "Http_Client\Http_Client.csproj", "{AE67B72C-114D-4F51-94EA-845F7CA61B4A}"
EndProject
Project("{9A19103F-16F7-4668-BE54-9A1E7A4F7556}") = "ZZ_Common", "Models\ZZ_Common.csproj", "{C84B669F-A4FE-49E5-8A66-F41BD720E7FA}"
EndProject
Project("{9A19103F-16F7-4668-BE54-9A1E7A4F7556}") = "Regular_Expressions", "Regular_Expressions\Regular_Expressions.csproj", "{DEBB5827-0FC3-445F-9060-3F6A25CB8D48}"
EndProject
Project("{9A19103F-16F7-4668-BE54-9A1E7A4F7556}") = "Json", "Json\Json.csproj", "{9700A0AB-1A66-48B5-8EAC-1999B09249D6}"
EndProject
Global
	GlobalSection(SolutionConfigurationPlatforms) = preSolution
		Debug|Any CPU = Debug|Any CPU
		Release|Any CPU = Release|Any CPU
	EndGlobalSection
	GlobalSection(ProjectConfigurationPlatforms) = postSolution
		{A3DB24AE-4B9A-475B-AC4C-3C874DE08E3F}.Debug|Any CPU.ActiveCfg = Debug|Any CPU
		{A3DB24AE-4B9A-475B-AC4C-3C874DE08E3F}.Debug|Any CPU.Build.0 = Debug|Any CPU
		{A3DB24AE-4B9A-475B-AC4C-3C874DE08E3F}.Release|Any CPU.ActiveCfg = Release|Any CPU
		{A3DB24AE-4B9A-475B-AC4C-3C874DE08E3F}.Release|Any CPU.Build.0 = Release|Any CPU
		{B999EA99-C582-441E-817B-0AFFDEBE6EC2}.Debug|Any CPU.ActiveCfg = Debug|Any CPU
		{B999EA99-C582-441E-817B-0AFFDEBE6EC2}.Debug|Any CPU.Build.0 = Debug|Any CPU
		{B999EA99-C582-441E-817B-0AFFDEBE6EC2}.Release|Any CPU.ActiveCfg = Release|Any CPU
		{B999EA99-C582-441E-817B-0AFFDEBE6EC2}.Release|Any CPU.Build.0 = Release|Any CPU
		{86EB6EAD-5CE3-4E49-ADF1-891AB5641FFC}.Debug|Any CPU.ActiveCfg = Debug|Any CPU
		{86EB6EAD-5CE3-4E49-ADF1-891AB5641FFC}.Debug|Any CPU.Build.0 = Debug|Any CPU
		{86EB6EAD-5CE3-4E49-ADF1-891AB5641FFC}.Release|Any CPU.ActiveCfg = Release|Any CPU
		{86EB6EAD-5CE3-4E49-ADF1-891AB5641FFC}.Release|Any CPU.Build.0 = Release|Any CPU
		{E6BEDC51-F382-460E-9D88-3CC1701504BB}.Debug|Any CPU.ActiveCfg = Debug|Any CPU
		{E6BEDC51-F382-460E-9D88-3CC1701504BB}.Debug|Any CPU.Build.0 = Debug|Any CPU
		{E6BEDC51-F382-460E-9D88-3CC1701504BB}.Release|Any CPU.ActiveCfg = Release|Any CPU
		{E6BEDC51-F382-460E-9D88-3CC1701504BB}.Release|Any CPU.Build.0 = Release|Any CPU
		{937E71AD-F9E2-497F-992F-98E19006A9FA}.Debug|Any CPU.ActiveCfg = Debug|Any CPU
		{937E71AD-F9E2-497F-992F-98E19006A9FA}.Debug|Any CPU.Build.0 = Debug|Any CPU
		{937E71AD-F9E2-497F-992F-98E19006A9FA}.Release|Any CPU.ActiveCfg = Release|Any CPU
		{937E71AD-F9E2-497F-992F-98E19006A9FA}.Release|Any CPU.Build.0 = Release|Any CPU
		{43DC022F-44CA-4E22-BCD1-8E6BA0705587}.Debug|Any CPU.ActiveCfg = Debug|Any CPU
		{43DC022F-44CA-4E22-BCD1-8E6BA0705587}.Debug|Any CPU.Build.0 = Debug|Any CPU
		{43DC022F-44CA-4E22-BCD1-8E6BA0705587}.Release|Any CPU.ActiveCfg = Release|Any CPU
		{43DC022F-44CA-4E22-BCD1-8E6BA0705587}.Release|Any CPU.Build.0 = Release|Any CPU
		{AE67B72C-114D-4F51-94EA-845F7CA61B4A}.Debug|Any CPU.ActiveCfg = Debug|Any CPU
		{AE67B72C-114D-4F51-94EA-845F7CA61B4A}.Debug|Any CPU.Build.0 = Debug|Any CPU
		{AE67B72C-114D-4F51-94EA-845F7CA61B4A}.Release|Any CPU.ActiveCfg = Release|Any CPU
		{AE67B72C-114D-4F51-94EA-845F7CA61B4A}.Release|Any CPU.Build.0 = Release|Any CPU
		{C84B669F-A4FE-49E5-8A66-F41BD720E7FA}.Debug|Any CPU.ActiveCfg = Debug|Any CPU
		{C84B669F-A4FE-49E5-8A66-F41BD720E7FA}.Debug|Any CPU.Build.0 = Debug|Any CPU
		{C84B669F-A4FE-49E5-8A66-F41BD720E7FA}.Release|Any CPU.ActiveCfg = Release|Any CPU
		{C84B669F-A4FE-49E5-8A66-F41BD720E7FA}.Release|Any CPU.Build.0 = Release|Any CPU
		{DEBB5827-0FC3-445F-9060-3F6A25CB8D48}.Debug|Any CPU.ActiveCfg = Debug|Any CPU
		{DEBB5827-0FC3-445F-9060-3F6A25CB8D48}.Debug|Any CPU.Build.0 = Debug|Any CPU
		{DEBB5827-0FC3-445F-9060-3F6A25CB8D48}.Release|Any CPU.ActiveCfg = Release|Any CPU
		{DEBB5827-0FC3-445F-9060-3F6A25CB8D48}.Release|Any CPU.Build.0 = Release|Any CPU
		{9700A0AB-1A66-48B5-8EAC-1999B09249D6}.Debug|Any CPU.ActiveCfg = Debug|Any CPU
		{9700A0AB-1A66-48B5-8EAC-1999B09249D6}.Debug|Any CPU.Build.0 = Debug|Any CPU
		{9700A0AB-1A66-48B5-8EAC-1999B09249D6}.Release|Any CPU.ActiveCfg = Release|Any CPU
		{9700A0AB-1A66-48B5-8EAC-1999B09249D6}.Release|Any CPU.Build.0 = Release|Any CPU
	EndGlobalSection
	GlobalSection(SolutionProperties) = preSolution
		HideSolutionNode = FALSE
	EndGlobalSection
	GlobalSection(ExtensibilityGlobals) = postSolution
		SolutionGuid = {236273D9-D6CE-41FC-B417-5031E9A7DC06}
	EndGlobalSection
EndGlobal
